
Microsoft Visual Studio Solution File, Format Version 12.00
# Visual Studio Version 16
VisualStudioVersion = 16.0.30804.86
MinimumVisualStudioVersion = 10.0.40219.1
Project("{FAE04EC0-301F-11D3-BF4B-00C04F79EFBC}") = "Specflow Cursus voor DUO", "Specflow Cursus voor DUO\Specflow Cursus voor DUO.csproj", "{483643C1-67BE-41AC-9147-1BACB59E6B67}"
EndProject
Global
	GlobalSection(SolutionConfigurationPlatforms) = preSolution
		Debug|Any CPU = Debug|Any CPU
		Release|Any CPU = Release|Any CPU
	EndGlobalSection
	GlobalSection(ProjectConfigurationPlatforms) = postSolution
		{483643C1-67BE-41AC-9147-1BACB59E6B67}.Debug|Any CPU.ActiveCfg = Debug|Any CPU
		{483643C1-67BE-41AC-9147-1BACB59E6B67}.Debug|Any CPU.Build.0 = Debug|Any CPU
		{483643C1-67BE-41AC-9147-1BACB59E6B67}.Release|Any CPU.ActiveCfg = Release|Any CPU
		{483643C1-67BE-41AC-9147-1BACB59E6B67}.Release|Any CPU.Build.0 = Release|Any CPU
	EndGlobalSection
	GlobalSection(SolutionProperties) = preSolution
		HideSolutionNode = FALSE
	EndGlobalSection
	GlobalSection(ExtensibilityGlobals) = postSolution
		SolutionGuid = {8D658B4D-FA6D-45E7-8386-80810086119C}
	EndGlobalSection
EndGlobal
